
Microsoft Visual Studio Solution File, Format Version 12.00
# Visual Studio Version 17
VisualStudioVersion = 17.1.32421.90
MinimumVisualStudioVersion = 10.0.40219.1
Project("{FAE04EC0-301F-11D3-BF4B-00C04F79EFBC}") = "EscrituraByte", "EscrituraByte\EscrituraByte.csproj", "{4AA5AEE0-BAB0-45F1-AAFD-D690357E4A9B}"
EndProject
Global
	GlobalSection(SolutionConfigurationPlatforms) = preSolution
		Debug|Any CPU = Debug|Any CPU
		Release|Any CPU = Release|Any CPU
	EndGlobalSection
	GlobalSection(ProjectConfigurationPlatforms) = postSolution
		{4AA5AEE0-BAB0-45F1-AAFD-D690357E4A9B}.Debug|Any CPU.ActiveCfg = Debug|Any CPU
		{4AA5AEE0-BAB0-45F1-AAFD-D690357E4A9B}.Debug|Any CPU.Build.0 = Debug|Any CPU
		{4AA5AEE0-BAB0-45F1-AAFD-D690357E4A9B}.Release|Any CPU.ActiveCfg = Release|Any CPU
		{4AA5AEE0-BAB0-45F1-AAFD-D690357E4A9B}.Release|Any CPU.Build.0 = Release|Any CPU
	EndGlobalSection
	GlobalSection(SolutionProperties) = preSolution
		HideSolutionNode = FALSE
	EndGlobalSection
	GlobalSection(ExtensibilityGlobals) = postSolution
		SolutionGuid = {FA1D69CA-8C19-445C-BB9E-E6B8714413EB}
	EndGlobalSection
EndGlobal
